{
  "version": 4,
  "terraform_version": "1.6.1",
  "serial": 19,
  "lineage": "c8af9f61-20d0-83e2-548e-64ecbcd01586",
  "outputs": {
    "vm_intern_ip": {
      "value": "10.0.0.2",
      "type": "string"
    },
    "vm_ip": {
      "value": "34.77.183.27",
      "type": "string"
    }
  },
  "resources": [
    {
      "mode": "data",
      "type": "google_client_openid_userinfo",
      "name": "me",
      "provider": "provider[\"registry.terraform.io/hashicorp/google\"]",
      "instances": [
        {
          "schema_version": 0,
          "attributes": {
            "email": "m2i-tp4@m2i-tp4-31.iam.gserviceaccount.com",
            "id": "m2i-tp4@m2i-tp4-31.iam.gserviceaccount.com"
          },
          "sensitive_attributes": []
        }
      ]
    },
    {
      "mode": "managed",
      "type": "google_compute_address",
      "name": "vm_ip",
      "provider": "provider[\"registry.terraform.io/hashicorp/google\"]",
      "instances": [
        {
          "schema_version": 0,
          "attributes": {
            "address": "34.77.183.27",
            "address_type": "EXTERNAL",
            "creation_timestamp": "2023-12-06T11:01:22.194-08:00",
            "description": "",
            "effective_labels": {},
            "id": "projects/m2i-tp4-31/regions/europe-west1/addresses/m2i-tp4-dev-virtual-ip",
            "ip_version": "",
            "ipv6_endpoint_type": "",
            "label_fingerprint": "42WmSpB8rSM=",
            "labels": null,
            "name": "m2i-tp4-dev-virtual-ip",
            "network": "",
            "network_tier": "PREMIUM",
            "prefix_length": 0,
            "project": "m2i-tp4-31",
            "purpose": "",
            "region": "europe-west1",
            "self_link": "https://www.googleapis.com/compute/v1/projects/m2i-tp4-31/regions/europe-west1/addresses/m2i-tp4-dev-virtual-ip",
            "subnetwork": "",
            "terraform_labels": {},
            "timeouts": null,
            "users": []
          },
          "sensitive_attributes": [],
          "private": "eyJlMmJmYjczMC1lY2FhLTExZTYtOGY4OC0zNDM2M2JjN2M0YzAiOnsiY3JlYXRlIjoxMjAwMDAwMDAwMDAwLCJkZWxldGUiOjEyMDAwMDAwMDAwMDAsInVwZGF0ZSI6MTIwMDAwMDAwMDAwMH19"
        }
      ]
    },
    {
      "mode": "managed",
      "type": "google_compute_firewall",
      "name": "fw",
      "provider": "provider[\"registry.terraform.io/hashicorp/google\"]",
      "instances": [
        {
          "schema_version": 1,
          "attributes": {
            "allow": [
              {
                "ports": [
                  "22",
                  "80",
                  "443"
                ],
                "protocol": "tcp"
              }
            ],
            "creation_timestamp": "2023-12-06T10:17:27.160-08:00",
            "deny": [],
            "description": "",
            "destination_ranges": [],
            "direction": "INGRESS",
            "disabled": false,
            "enable_logging": null,
            "id": "projects/m2i-tp4-31/global/firewalls/m2i-tp4-dev-firewall",
            "log_config": [],
            "name": "m2i-tp4-dev-firewall",
            "network": "https://www.googleapis.com/compute/v1/projects/m2i-tp4-31/global/networks/m2i-tp4-dev-vpc-network",
            "priority": 1000,
            "project": "m2i-tp4-31",
            "self_link": "https://www.googleapis.com/compute/v1/projects/m2i-tp4-31/global/firewalls/m2i-tp4-dev-firewall",
            "source_ranges": [
              "0.0.0.0/0"
            ],
            "source_service_accounts": [],
            "source_tags": [],
            "target_service_accounts": [],
            "target_tags": [
              "vm-instance"
            ],
            "timeouts": null
          },
          "sensitive_attributes": [],
          "private": "eyJlMmJmYjczMC1lY2FhLTExZTYtOGY4OC0zNDM2M2JjN2M0YzAiOnsiY3JlYXRlIjoxMjAwMDAwMDAwMDAwLCJkZWxldGUiOjEyMDAwMDAwMDAwMDAsInVwZGF0ZSI6MTIwMDAwMDAwMDAwMH0sInNjaGVtYV92ZXJzaW9uIjoiMSJ9",
          "dependencies": [
            "google_compute_network.vpc_network"
          ]
        }
      ]
    },
    {
      "mode": "managed",
      "type": "google_compute_instance",
      "name": "vm",
      "provider": "provider[\"registry.terraform.io/hashicorp/google\"]",
      "instances": [
        {
          "schema_version": 6,
          "attributes": {
            "advanced_machine_features": [],
            "allow_stopping_for_update": true,
            "attached_disk": [],
            "boot_disk": [
              {
                "auto_delete": true,
                "device_name": "persistent-disk-0",
                "disk_encryption_key_raw": "",
                "disk_encryption_key_sha256": "",
                "initialize_params": [
                  {
                    "image": "https://www.googleapis.com/compute/v1/projects/ubuntu-os-cloud/global/images/ubuntu-2004-focal-v20231130",
                    "labels": {},
                    "resource_manager_tags": {},
                    "size": 10,
                    "type": "pd-standard"
                  }
                ],
                "kms_key_self_link": "",
                "mode": "READ_WRITE",
                "source": "https://www.googleapis.com/compute/v1/projects/m2i-tp4-31/zones/europe-west1-c/disks/m2i-tp4-dev-virtual-machine"
              }
            ],
            "can_ip_forward": false,
            "confidential_instance_config": [],
            "cpu_platform": "Intel Broadwell",
            "current_status": "RUNNING",
            "deletion_protection": false,
            "description": "",
            "desired_status": null,
            "effective_labels": {},
            "enable_display": false,
            "guest_accelerator": [],
            "hostname": "",
            "id": "projects/m2i-tp4-31/zones/europe-west1-c/instances/m2i-tp4-dev-virtual-machine",
            "instance_id": "4412686206637013652",
            "label_fingerprint": "42WmSpB8rSM=",
            "labels": {},
            "machine_type": "e2-small",
            "metadata": {
              "ssh-keys": "m2i-tp4:ssh-rsa AAAAB3NzaC1yc2EAAAADAQABAAABgQDF62PKTeP2JSf2PebR/JkqkWXOMb6cPKcKQhENxGZasv0v8XsaBjDej9HHzPq1qCEnya98Vux1koyu2CjBw88ADHitVW5o2R2aqBVgPJMiWDIag5AcjiQYoSOSGFFr6d+RPB319fvbyul7fUxZ8SQ03PjjKl4ngUPh2kEySKRT75/C7eoM/r/Li/3MKjmzqrxF/ssstlOpQGrUPn8AYDoQLW1sjZdbXaerLf18Rrd/l59owr9Ng6YkOO2TzaYgbiP7rD1MZd8gb4TWl+178zhFtOJ4tIFjrTE+1n1OkdfOE0rTQlOQ08CPqwuAlLrTT600G856huR9V/hCOznAHCeqdKl2SpLB0upDvd+1D3cKXgLAm+nY6PTCzkcX0R8K/whQ3KPLkRmHcDhyC+Kq20P+AAj1Ht/8ZFHERgNh1LcgDKaG04SD5qsxjq+p+SLjjU48VY5PPmOAVATcdw7kn2c99K4jlc8CHmGQasMuaYxpw0hfGWCpJ9XkrfS2PR7QPis= houss@debian\n"
            },
            "metadata_fingerprint": "j_Maz4EMHeI=",
            "metadata_startup_script": null,
            "min_cpu_platform": "",
            "name": "m2i-tp4-dev-virtual-machine",
            "network_interface": [
              {
                "access_config": [
                  {
                    "nat_ip": "35.240.41.75",
                    "network_tier": "PREMIUM",
                    "public_ptr_domain_name": ""
                  }
                ],
                "alias_ip_range": [],
                "internal_ipv6_prefix_length": 0,
                "ipv6_access_config": [],
                "ipv6_access_type": "",
                "ipv6_address": "",
                "name": "nic0",
                "network": "https://www.googleapis.com/compute/v1/projects/m2i-tp4-31/global/networks/m2i-tp4-dev-vpc-network",
                "network_ip": "10.0.0.2",
                "nic_type": "",
                "queue_count": 0,
                "stack_type": "IPV4_ONLY",
                "subnetwork": "https://www.googleapis.com/compute/v1/projects/m2i-tp4-31/regions/europe-west1/subnetworks/m2i-tp4-dev-subnet",
                "subnetwork_project": "m2i-tp4-31"
              }
            ],
            "network_performance_config": [],
            "params": [],
            "project": "m2i-tp4-31",
            "reservation_affinity": [],
            "resource_policies": [],
            "scheduling": [
              {
                "automatic_restart": true,
                "instance_termination_action": "",
                "local_ssd_recovery_timeout": [],
                "min_node_cpus": 0,
                "node_affinities": [],
                "on_host_maintenance": "MIGRATE",
                "preemptible": false,
                "provisioning_model": "STANDARD"
              }
            ],
            "scratch_disk": [],
            "self_link": "https://www.googleapis.com/compute/v1/projects/m2i-tp4-31/zones/europe-west1-c/instances/m2i-tp4-dev-virtual-machine",
            "service_account": [
              {
                "email": "service-account-id@m2i-tp4-31.iam.gserviceaccount.com",
                "scopes": [
                  "https://www.googleapis.com/auth/cloud-platform"
                ]
              }
            ],
            "shielded_instance_config": [
              {
                "enable_integrity_monitoring": true,
                "enable_secure_boot": false,
                "enable_vtpm": true
              }
            ],
            "tags": [
              "vm-instance"
            ],
            "tags_fingerprint": "m8y7gP4_-r0=",
            "terraform_labels": {},
            "timeouts": null,
            "zone": "europe-west1-c"
          },
          "sensitive_attributes": [],
          "private": "eyJlMmJmYjczMC1lY2FhLTExZTYtOGY4OC0zNDM2M2JjN2M0YzAiOnsiY3JlYXRlIjoxMjAwMDAwMDAwMDAwLCJkZWxldGUiOjEyMDAwMDAwMDAwMDAsInVwZGF0ZSI6MTIwMDAwMDAwMDAwMH0sInNjaGVtYV92ZXJzaW9uIjoiNiJ9",
          "dependencies": [
            "data.google_client_openid_userinfo.me",
            "google_compute_network.vpc_network",
            "google_compute_subnetwork.subnet",
            "google_service_account.service_account"
          ]
        }
      ]
    },
    {
      "mode": "managed",
      "type": "google_compute_network",
      "name": "vpc_network",
      "provider": "provider[\"registry.terraform.io/hashicorp/google\"]",
      "instances": [
        {
          "schema_version": 0,
          "attributes": {
            "auto_create_subnetworks": true,
            "delete_default_routes_on_create": false,
            "description": "",
            "enable_ula_internal_ipv6": false,
            "gateway_ipv4": "",
            "id": "projects/m2i-tp4-31/global/networks/m2i-tp4-dev-vpc-network",
            "internal_ipv6_range": "",
            "mtu": 0,
            "name": "m2i-tp4-dev-vpc-network",
            "network_firewall_policy_enforcement_order": "AFTER_CLASSIC_FIREWALL",
            "project": "m2i-tp4-31",
            "routing_mode": "REGIONAL",
            "self_link": "https://www.googleapis.com/compute/v1/projects/m2i-tp4-31/global/networks/m2i-tp4-dev-vpc-network",
            "timeouts": null
          },
          "sensitive_attributes": [],
          "private": "eyJlMmJmYjczMC1lY2FhLTExZTYtOGY4OC0zNDM2M2JjN2M0YzAiOnsiY3JlYXRlIjoxMjAwMDAwMDAwMDAwLCJkZWxldGUiOjEyMDAwMDAwMDAwMDAsInVwZGF0ZSI6MTIwMDAwMDAwMDAwMH19"
        }
      ]
    },
    {
      "mode": "managed",
      "type": "google_compute_subnetwork",
      "name": "subnet",
      "provider": "provider[\"registry.terraform.io/hashicorp/google\"]",
      "instances": [
        {
          "schema_version": 0,
          "attributes": {
            "creation_timestamp": "2023-12-06T10:17:27.798-08:00",
            "description": "",
            "external_ipv6_prefix": "",
            "fingerprint": null,
            "gateway_address": "10.0.0.1",
            "id": "projects/m2i-tp4-31/regions/europe-west1/subnetworks/m2i-tp4-dev-subnet",
            "internal_ipv6_prefix": "",
            "ip_cidr_range": "10.0.0.0/24",
            "ipv6_access_type": "",
            "ipv6_cidr_range": "",
            "log_config": [],
            "name": "m2i-tp4-dev-subnet",
            "network": "https://www.googleapis.com/compute/v1/projects/m2i-tp4-31/global/networks/m2i-tp4-dev-vpc-network",
            "private_ip_google_access": false,
            "private_ipv6_google_access": "DISABLE_GOOGLE_ACCESS",
            "project": "m2i-tp4-31",
            "purpose": "PRIVATE",
            "region": "europe-west1",
            "role": "",
            "secondary_ip_range": [],
            "self_link": "https://www.googleapis.com/compute/v1/projects/m2i-tp4-31/regions/europe-west1/subnetworks/m2i-tp4-dev-subnet",
            "stack_type": "IPV4_ONLY",
            "timeouts": null
          },
          "sensitive_attributes": [],
          "private": "eyJlMmJmYjczMC1lY2FhLTExZTYtOGY4OC0zNDM2M2JjN2M0YzAiOnsiY3JlYXRlIjoxMjAwMDAwMDAwMDAwLCJkZWxldGUiOjEyMDAwMDAwMDAwMDAsInVwZGF0ZSI6MTIwMDAwMDAwMDAwMH19",
          "dependencies": [
            "google_compute_network.vpc_network"
          ]
        }
      ]
    },
    {
      "mode": "managed",
      "type": "google_project_service",
      "name": "project",
      "provider": "provider[\"registry.terraform.io/hashicorp/google\"]",
      "instances": [
        {
          "schema_version": 0,
          "attributes": {
            "disable_dependent_services": true,
            "disable_on_destroy": true,
            "id": "m2i-tp4-31/iam.googleapis.com",
            "project": "m2i-tp4-31",
            "service": "iam.googleapis.com",
            "timeouts": null
          },
          "sensitive_attributes": [],
          "private": "eyJlMmJmYjczMC1lY2FhLTExZTYtOGY4OC0zNDM2M2JjN2M0YzAiOnsiY3JlYXRlIjoxMjAwMDAwMDAwMDAwLCJkZWxldGUiOjEyMDAwMDAwMDAwMDAsInJlYWQiOjYwMDAwMDAwMDAwMCwidXBkYXRlIjoxMjAwMDAwMDAwMDAwfX0="
        }
      ]
    },
    {
      "mode": "managed",
      "type": "google_service_account",
      "name": "service_account",
      "provider": "provider[\"registry.terraform.io/hashicorp/google\"]",
      "instances": [
        {
          "schema_version": 0,
          "attributes": {
            "account_id": "service-account-id",
            "description": "",
            "disabled": false,
            "display_name": "Service Account",
            "email": "service-account-id@m2i-tp4-31.iam.gserviceaccount.com",
            "id": "projects/m2i-tp4-31/serviceAccounts/service-account-id@m2i-tp4-31.iam.gserviceaccount.com",
            "member": "serviceAccount:service-account-id@m2i-tp4-31.iam.gserviceaccount.com",
            "name": "projects/m2i-tp4-31/serviceAccounts/service-account-id@m2i-tp4-31.iam.gserviceaccount.com",
            "project": "m2i-tp4-31",
            "timeouts": null,
            "unique_id": "117516025247910629375"
          },
          "sensitive_attributes": [],
          "private": "eyJlMmJmYjczMC1lY2FhLTExZTYtOGY4OC0zNDM2M2JjN2M0YzAiOnsiY3JlYXRlIjozMDAwMDAwMDAwMDB9fQ=="
        }
      ]
    },
    {
      "mode": "managed",
      "type": "google_storage_bucket",
      "name": "bucket_tfstate",
      "provider": "provider[\"registry.terraform.io/hashicorp/google\"]",
      "instances": [
        {
          "schema_version": 1,
          "attributes": {
            "autoclass": [],
            "cors": [],
            "custom_placement_config": [],
            "default_event_based_hold": false,
            "effective_labels": {},
            "enable_object_retention": false,
            "encryption": [],
            "force_destroy": true,
            "id": "m2i-tp4-dev-bucket",
            "labels": {},
            "lifecycle_rule": [],
            "location": "EU",
            "logging": [],
            "name": "m2i-tp4-dev-bucket",
            "project": "m2i-tp4-31",
            "public_access_prevention": "inherited",
            "requester_pays": false,
            "retention_policy": [],
            "self_link": "https://www.googleapis.com/storage/v1/b/m2i-tp4-dev-bucket",
            "storage_class": "STANDARD",
            "terraform_labels": {},
            "timeouts": null,
            "uniform_bucket_level_access": false,
            "url": "gs://m2i-tp4-dev-bucket",
            "versioning": [],
            "website": []
          },
          "sensitive_attributes": [],
          "private": "eyJlMmJmYjczMC1lY2FhLTExZTYtOGY4OC0zNDM2M2JjN2M0YzAiOnsiY3JlYXRlIjo2MDAwMDAwMDAwMDAsInJlYWQiOjI0MDAwMDAwMDAwMCwidXBkYXRlIjoyNDAwMDAwMDAwMDB9LCJzY2hlbWFfdmVyc2lvbiI6IjEifQ=="
        }
      ]
    }
  ],
  "check_results": null
}
