{
  "version": 4,
  "terraform_version": "1.6.1",
  "serial": 29,
  "lineage": "c8af9f61-20d0-83e2-548e-64ecbcd01586",
  "outputs": {},
  "resources": [
    {
      "mode": "managed",
      "type": "google_service_account",
      "name": "service_account",
      "provider": "provider[\"registry.terraform.io/hashicorp/google\"]",
      "instances": [
        {
          "schema_version": 0,
          "attributes": {
            "account_id": "service-account-id",
            "description": "",
            "disabled": false,
            "display_name": "Service Account",
            "email": "service-account-id@m2i-tp4-31.iam.gserviceaccount.com",
            "id": "projects/m2i-tp4-31/serviceAccounts/service-account-id@m2i-tp4-31.iam.gserviceaccount.com",
            "member": "serviceAccount:service-account-id@m2i-tp4-31.iam.gserviceaccount.com",
            "name": "projects/m2i-tp4-31/serviceAccounts/service-account-id@m2i-tp4-31.iam.gserviceaccount.com",
            "project": "m2i-tp4-31",
            "timeouts": null,
            "unique_id": "117516025247910629375"
          },
          "sensitive_attributes": [],
          "private": "eyJlMmJmYjczMC1lY2FhLTExZTYtOGY4OC0zNDM2M2JjN2M0YzAiOnsiY3JlYXRlIjozMDAwMDAwMDAwMDB9fQ=="
        }
      ]
    }
  ],
  "check_results": null
}
